// !$*UTF8*$!
{
	archiveVersion = 1;
	classes = {
	};
	objectVersion = 51;
	objects = {

/* Begin PBXBuildFile section */
		3421D0770EB90275127EA42D /* Pods_Interview_InterviewUITests.framework in Frameworks */ = {isa = PBXBuildFile; fileRef = 554B5DEB9493931155AA928F /* Pods_Interview_InterviewUITests.framework */; };
		7509D9BE3957BA4F1D40E866 /* Pods_InterviewTests.framework in Frameworks */ = {isa = PBXBuildFile; fileRef = E89C393000FCB7D573CAAF7C /* Pods_InterviewTests.framework */; };
		78065FEE0BD5C62EFDFCA49C /* Pods_Interview.framework in Frameworks */ = {isa = PBXBuildFile; fileRef = 2D31ED223DB532E71D0D8A10 /* Pods_Interview.framework */; };
		BD40B0C625BA724800791B39 /* AppDelegate.swift in Sources */ = {isa = PBXBuildFile; fileRef = BD40B0C525BA724800791B39 /* AppDelegate.swift */; };
		BD40B0CF25BA724B00791B39 /* Assets.xcassets in Resources */ = {isa = PBXBuildFile; fileRef = BD40B0CE25BA724B00791B39 /* Assets.xcassets */; };
		BD40B0DD25BA724B00791B39 /* InterviewTests.swift in Sources */ = {isa = PBXBuildFile; fileRef = BD40B0DC25BA724B00791B39 /* InterviewTests.swift */; };
		BD40B0E825BA724B00791B39 /* InterviewUITests.swift in Sources */ = {isa = PBXBuildFile; fileRef = BD40B0E725BA724B00791B39 /* InterviewUITests.swift */; };
		BD40B10525BA73F300791B39 /* RootTabBarController.swift in Sources */ = {isa = PBXBuildFile; fileRef = BD40B10425BA73F300791B39 /* RootTabBarController.swift */; };
		BD40B11325BA751300791B39 /* HomeViewController.swift in Sources */ = {isa = PBXBuildFile; fileRef = BD40B11225BA751300791B39 /* HomeViewController.swift */; };
/* End PBXBuildFile section */

/* Begin PBXContainerItemProxy section */
		BD40B0D925BA724B00791B39 /* PBXContainerItemProxy */ = {
			isa = PBXContainerItemProxy;
			containerPortal = BD40B0BA25BA724800791B39 /* Project object */;
			proxyType = 1;
			remoteGlobalIDString = BD40B0C125BA724800791B39;
			remoteInfo = Interview;
		};
		BD40B0E425BA724B00791B39 /* PBXContainerItemProxy */ = {
			isa = PBXContainerItemProxy;
			containerPortal = BD40B0BA25BA724800791B39 /* Project object */;
			proxyType = 1;
			remoteGlobalIDString = BD40B0C125BA724800791B39;
			remoteInfo = Interview;
		};
/* End PBXContainerItemProxy section */

/* Begin PBXFileReference section */
		2D31ED223DB532E71D0D8A10 /* Pods_Interview.framework */ = {isa = PBXFileReference; explicitFileType = wrapper.framework; includeInIndex = 0; path = Pods_Interview.framework; sourceTree = BUILT_PRODUCTS_DIR; };
		4CF45E06C5E4778540BC5F34 /* Pods-Interview.release.xcconfig */ = {isa = PBXFileReference; includeInIndex = 1; lastKnownFileType = text.xcconfig; name = "Pods-Interview.release.xcconfig"; path = "Target Support Files/Pods-Interview/Pods-Interview.release.xcconfig"; sourceTree = "<group>"; };
		554B5DEB9493931155AA928F /* Pods_Interview_InterviewUITests.framework */ = {isa = PBXFileReference; explicitFileType = wrapper.framework; includeInIndex = 0; path = Pods_Interview_InterviewUITests.framework; sourceTree = BUILT_PRODUCTS_DIR; };
		5EBAEA4199F37B299037A743 /* Pods-Interview-InterviewUITests.debug.xcconfig */ = {isa = PBXFileReference; includeInIndex = 1; lastKnownFileType = text.xcconfig; name = "Pods-Interview-InterviewUITests.debug.xcconfig"; path = "Target Support Files/Pods-Interview-InterviewUITests/Pods-Interview-InterviewUITests.debug.xcconfig"; sourceTree = "<group>"; };
		6141D22836C56EBCB76D026D /* Pods-Interview-InterviewUITests.release.xcconfig */ = {isa = PBXFileReference; includeInIndex = 1; lastKnownFileType = text.xcconfig; name = "Pods-Interview-InterviewUITests.release.xcconfig"; path = "Target Support Files/Pods-Interview-InterviewUITests/Pods-Interview-InterviewUITests.release.xcconfig"; sourceTree = "<group>"; };
		861094F343A7BDE98DDD90F0 /* Pods-Interview.debug.xcconfig */ = {isa = PBXFileReference; includeInIndex = 1; lastKnownFileType = text.xcconfig; name = "Pods-Interview.debug.xcconfig"; path = "Target Support Files/Pods-Interview/Pods-Interview.debug.xcconfig"; sourceTree = "<group>"; };
		A02588403B75E9D09C0F147D /* Pods-InterviewTests.release.xcconfig */ = {isa = PBXFileReference; includeInIndex = 1; lastKnownFileType = text.xcconfig; name = "Pods-InterviewTests.release.xcconfig"; path = "Target Support Files/Pods-InterviewTests/Pods-InterviewTests.release.xcconfig"; sourceTree = "<group>"; };
		BBA8A8D2D38BFE3340D3A1EC /* Pods-InterviewTests.debug.xcconfig */ = {isa = PBXFileReference; includeInIndex = 1; lastKnownFileType = text.xcconfig; name = "Pods-InterviewTests.debug.xcconfig"; path = "Target Support Files/Pods-InterviewTests/Pods-InterviewTests.debug.xcconfig"; sourceTree = "<group>"; };
		BD40B0C225BA724800791B39 /* Interview.app */ = {isa = PBXFileReference; explicitFileType = wrapper.application; includeInIndex = 0; path = Interview.app; sourceTree = BUILT_PRODUCTS_DIR; };
		BD40B0C525BA724800791B39 /* AppDelegate.swift */ = {isa = PBXFileReference; lastKnownFileType = sourcecode.swift; path = AppDelegate.swift; sourceTree = "<group>"; };
		BD40B0CE25BA724B00791B39 /* Assets.xcassets */ = {isa = PBXFileReference; lastKnownFileType = folder.assetcatalog; path = Assets.xcassets; sourceTree = "<group>"; };
		BD40B0D325BA724B00791B39 /* Info.plist */ = {isa = PBXFileReference; lastKnownFileType = text.plist.xml; path = Info.plist; sourceTree = "<group>"; };
		BD40B0D825BA724B00791B39 /* InterviewTests.xctest */ = {isa = PBXFileReference; explicitFileType = wrapper.cfbundle; includeInIndex = 0; path = InterviewTests.xctest; sourceTree = BUILT_PRODUCTS_DIR; };
		BD40B0DC25BA724B00791B39 /* InterviewTests.swift */ = {isa = PBXFileReference; lastKnownFileType = sourcecode.swift; path = InterviewTests.swift; sourceTree = "<group>"; };
		BD40B0DE25BA724B00791B39 /* Info.plist */ = {isa = PBXFileReference; lastKnownFileType = text.plist.xml; path = Info.plist; sourceTree = "<group>"; };
		BD40B0E325BA724B00791B39 /* InterviewUITests.xctest */ = {isa = PBXFileReference; explicitFileType = wrapper.cfbundle; includeInIndex = 0; path = InterviewUITests.xctest; sourceTree = BUILT_PRODUCTS_DIR; };
		BD40B0E725BA724B00791B39 /* InterviewUITests.swift */ = {isa = PBXFileReference; lastKnownFileType = sourcecode.swift; path = InterviewUITests.swift; sourceTree = "<group>"; };
		BD40B0E925BA724B00791B39 /* Info.plist */ = {isa = PBXFileReference; lastKnownFileType = text.plist.xml; path = Info.plist; sourceTree = "<group>"; };
		BD40B10425BA73F300791B39 /* RootTabBarController.swift */ = {isa = PBXFileReference; fileEncoding = 4; lastKnownFileType = sourcecode.swift; path = RootTabBarController.swift; sourceTree = "<group>"; };
		BD40B11225BA751300791B39 /* HomeViewController.swift */ = {isa = PBXFileReference; lastKnownFileType = sourcecode.swift; path = HomeViewController.swift; sourceTree = "<group>"; };
		E89C393000FCB7D573CAAF7C /* Pods_InterviewTests.framework */ = {isa = PBXFileReference; explicitFileType = wrapper.framework; includeInIndex = 0; path = Pods_InterviewTests.framework; sourceTree = BUILT_PRODUCTS_DIR; };
/* End PBXFileReference section */

/* Begin PBXFrameworksBuildPhase section */
		BD40B0BF25BA724800791B39 /* Frameworks */ = {
			isa = PBXFrameworksBuildPhase;
			buildActionMask = 2147483647;
			files = (
				78065FEE0BD5C62EFDFCA49C /* Pods_Interview.framework in Frameworks */,
			);
			runOnlyForDeploymentPostprocessing = 0;
		};
		BD40B0D525BA724B00791B39 /* Frameworks */ = {
			isa = PBXFrameworksBuildPhase;
			buildActionMask = 2147483647;
			files = (
				7509D9BE3957BA4F1D40E866 /* Pods_InterviewTests.framework in Frameworks */,
			);
			runOnlyForDeploymentPostprocessing = 0;
		};
		BD40B0E025BA724B00791B39 /* Frameworks */ = {
			isa = PBXFrameworksBuildPhase;
			buildActionMask = 2147483647;
			files = (
				3421D0770EB90275127EA42D /* Pods_Interview_InterviewUITests.framework in Frameworks */,
			);
			runOnlyForDeploymentPostprocessing = 0;
		};
/* End PBXFrameworksBuildPhase section */

/* Begin PBXGroup section */
		20EA38E2F7BD1DF34C9A6BDE /* Pods */ = {
			isa = PBXGroup;
			children = (
				861094F343A7BDE98DDD90F0 /* Pods-Interview.debug.xcconfig */,
				4CF45E06C5E4778540BC5F34 /* Pods-Interview.release.xcconfig */,
				5EBAEA4199F37B299037A743 /* Pods-Interview-InterviewUITests.debug.xcconfig */,
				6141D22836C56EBCB76D026D /* Pods-Interview-InterviewUITests.release.xcconfig */,
				BBA8A8D2D38BFE3340D3A1EC /* Pods-InterviewTests.debug.xcconfig */,
				A02588403B75E9D09C0F147D /* Pods-InterviewTests.release.xcconfig */,
			);
			path = Pods;
			sourceTree = "<group>";
		};
		55FDB63B36D6B9549564D594 /* Frameworks */ = {
			isa = PBXGroup;
			children = (
				2D31ED223DB532E71D0D8A10 /* Pods_Interview.framework */,
				554B5DEB9493931155AA928F /* Pods_Interview_InterviewUITests.framework */,
				E89C393000FCB7D573CAAF7C /* Pods_InterviewTests.framework */,
			);
			name = Frameworks;
			sourceTree = "<group>";
		};
		BD40B0B925BA724800791B39 = {
			isa = PBXGroup;
			children = (
				BD40B0C425BA724800791B39 /* Interview */,
				BD40B0DB25BA724B00791B39 /* InterviewTests */,
				BD40B0E625BA724B00791B39 /* InterviewUITests */,
				BD40B0C325BA724800791B39 /* Products */,
				20EA38E2F7BD1DF34C9A6BDE /* Pods */,
				55FDB63B36D6B9549564D594 /* Frameworks */,
			);
			sourceTree = "<group>";
		};
		BD40B0C325BA724800791B39 /* Products */ = {
			isa = PBXGroup;
			children = (
				BD40B0C225BA724800791B39 /* Interview.app */,
				BD40B0D825BA724B00791B39 /* InterviewTests.xctest */,
				BD40B0E325BA724B00791B39 /* InterviewUITests.xctest */,
			);
			name = Products;
			sourceTree = "<group>";
		};
		BD40B0C425BA724800791B39 /* Interview */ = {
			isa = PBXGroup;
			children = (
				BD40B10F25BA74EE00791B39 /* Class */,
				BD40B0C525BA724800791B39 /* AppDelegate.swift */,
				BD40B10425BA73F300791B39 /* RootTabBarController.swift */,
				BD40B0CE25BA724B00791B39 /* Assets.xcassets */,
				BD40B0D325BA724B00791B39 /* Info.plist */,
			);
			path = Interview;
			sourceTree = "<group>";
		};
		BD40B0DB25BA724B00791B39 /* InterviewTests */ = {
			isa = PBXGroup;
			children = (
				BD40B0DC25BA724B00791B39 /* InterviewTests.swift */,
				BD40B0DE25BA724B00791B39 /* Info.plist */,
			);
			path = InterviewTests;
			sourceTree = "<group>";
		};
		BD40B0E625BA724B00791B39 /* InterviewUITests */ = {
			isa = PBXGroup;
			children = (
				BD40B0E725BA724B00791B39 /* InterviewUITests.swift */,
				BD40B0E925BA724B00791B39 /* Info.plist */,
			);
			path = InterviewUITests;
			sourceTree = "<group>";
		};
		BD40B10F25BA74EE00791B39 /* Class */ = {
			isa = PBXGroup;
			children = (
				BD40B11025BA74F900791B39 /* Main */,
			);
			path = Class;
			sourceTree = "<group>";
		};
		BD40B11025BA74F900791B39 /* Main */ = {
			isa = PBXGroup;
			children = (
				BD40B11125BA74FE00791B39 /* Home */,
			);
			path = Main;
			sourceTree = "<group>";
		};
		BD40B11125BA74FE00791B39 /* Home */ = {
			isa = PBXGroup;
			children = (
				BD40B11225BA751300791B39 /* HomeViewController.swift */,
			);
			path = Home;
			sourceTree = "<group>";
		};
/* End PBXGroup section */

/* Begin PBXNativeTarget section */
		BD40B0C125BA724800791B39 /* Interview */ = {
			isa = PBXNativeTarget;
			buildConfigurationList = BD40B0EC25BA724B00791B39 /* Build configuration list for PBXNativeTarget "Interview" */;
			buildPhases = (
				CD13DEC9C5C5CBAD5ED6DBA4 /* [CP] Check Pods Manifest.lock */,
				BD40B0BE25BA724800791B39 /* Sources */,
				BD40B0BF25BA724800791B39 /* Frameworks */,
				BD40B0C025BA724800791B39 /* Resources */,
				07B5B79A97C782FBABCC05C3 /* [CP] Embed Pods Frameworks */,
			);
			buildRules = (
			);
			dependencies = (
			);
			name = Interview;
			productName = Interview;
			productReference = BD40B0C225BA724800791B39 /* Interview.app */;
			productType = "com.apple.product-type.application";
		};
		BD40B0D725BA724B00791B39 /* InterviewTests */ = {
			isa = PBXNativeTarget;
			buildConfigurationList = BD40B0EF25BA724B00791B39 /* Build configuration list for PBXNativeTarget "InterviewTests" */;
			buildPhases = (
				B5548ADE3D6BD602B8800A5D /* [CP] Check Pods Manifest.lock */,
				BD40B0D425BA724B00791B39 /* Sources */,
				BD40B0D525BA724B00791B39 /* Frameworks */,
				BD40B0D625BA724B00791B39 /* Resources */,
			);
			buildRules = (
			);
			dependencies = (
				BD40B0DA25BA724B00791B39 /* PBXTargetDependency */,
			);
			name = InterviewTests;
			productName = InterviewTests;
			productReference = BD40B0D825BA724B00791B39 /* InterviewTests.xctest */;
			productType = "com.apple.product-type.bundle.unit-test";
		};
		BD40B0E225BA724B00791B39 /* InterviewUITests */ = {
			isa = PBXNativeTarget;
			buildConfigurationList = BD40B0F225BA724B00791B39 /* Build configuration list for PBXNativeTarget "InterviewUITests" */;
			buildPhases = (
				1CEEBA38BA990EAEE909EA15 /* [CP] Check Pods Manifest.lock */,
				BD40B0DF25BA724B00791B39 /* Sources */,
				BD40B0E025BA724B00791B39 /* Frameworks */,
				BD40B0E125BA724B00791B39 /* Resources */,
				95B6DFBDD89883FBEBF881C5 /* [CP] Embed Pods Frameworks */,
			);
			buildRules = (
			);
			dependencies = (
				BD40B0E525BA724B00791B39 /* PBXTargetDependency */,
			);
			name = InterviewUITests;
			productName = InterviewUITests;
			productReference = BD40B0E325BA724B00791B39 /* InterviewUITests.xctest */;
			productType = "com.apple.product-type.bundle.ui-testing";
		};
/* End PBXNativeTarget section */

/* Begin PBXProject section */
		BD40B0BA25BA724800791B39 /* Project object */ = {
			isa = PBXProject;
			attributes = {
				LastSwiftUpdateCheck = 1220;
				LastUpgradeCheck = 1220;
				TargetAttributes = {
					BD40B0C125BA724800791B39 = {
						CreatedOnToolsVersion = 12.2;
					};
					BD40B0D725BA724B00791B39 = {
						CreatedOnToolsVersion = 12.2;
						TestTargetID = BD40B0C125BA724800791B39;
					};
					BD40B0E225BA724B00791B39 = {
						CreatedOnToolsVersion = 12.2;
						TestTargetID = BD40B0C125BA724800791B39;
					};
				};
			};
			buildConfigurationList = BD40B0BD25BA724800791B39 /* Build configuration list for PBXProject "Interview" */;
			compatibilityVersion = "Xcode 9.3";
			developmentRegion = en;
			hasScannedForEncodings = 0;
			knownRegions = (
				en,
				Base,
			);
			mainGroup = BD40B0B925BA724800791B39;
			productRefGroup = BD40B0C325BA724800791B39 /* Products */;
			projectDirPath = "";
			projectRoot = "";
			targets = (
				BD40B0C125BA724800791B39 /* Interview */,
				BD40B0D725BA724B00791B39 /* InterviewTests */,
				BD40B0E225BA724B00791B39 /* InterviewUITests */,
			);
		};
/* End PBXProject section */

/* Begin PBXResourcesBuildPhase section */
		BD40B0C025BA724800791B39 /* Resources */ = {
			isa = PBXResourcesBuildPhase;
			buildActionMask = 2147483647;
			files = (
				BD40B0CF25BA724B00791B39 /* Assets.xcassets in Resources */,
			);
			runOnlyForDeploymentPostprocessing = 0;
		};
		BD40B0D625BA724B00791B39 /* Resources */ = {
			isa = PBXResourcesBuildPhase;
			buildActionMask = 2147483647;
			files = (
			);
			runOnlyForDeploymentPostprocessing = 0;
		};
		BD40B0E125BA724B00791B39 /* Resources */ = {
			isa = PBXResourcesBuildPhase;
			buildActionMask = 2147483647;
			files = (
			);
			runOnlyForDeploymentPostprocessing = 0;
		};
/* End PBXResourcesBuildPhase section */

/* Begin PBXShellScriptBuildPhase section */
		07B5B79A97C782FBABCC05C3 /* [CP] Embed Pods Frameworks */ = {
			isa = PBXShellScriptBuildPhase;
			buildActionMask = 2147483647;
			files = (
			);
			inputFileListPaths = (
				"${PODS_ROOT}/Target Support Files/Pods-Interview/Pods-Interview-frameworks-${CONFIGURATION}-input-files.xcfilelist",
			);
			name = "[CP] Embed Pods Frameworks";
			outputFileListPaths = (
				"${PODS_ROOT}/Target Support Files/Pods-Interview/Pods-Interview-frameworks-${CONFIGURATION}-output-files.xcfilelist",
			);
			runOnlyForDeploymentPostprocessing = 0;
			shellPath = /bin/sh;
			shellScript = "\"${PODS_ROOT}/Target Support Files/Pods-Interview/Pods-Interview-frameworks.sh\"\n";
			showEnvVarsInLog = 0;
		};
		1CEEBA38BA990EAEE909EA15 /* [CP] Check Pods Manifest.lock */ = {
			isa = PBXShellScriptBuildPhase;
			buildActionMask = 2147483647;
			files = (
			);
			inputFileListPaths = (
			);
			inputPaths = (
				"${PODS_PODFILE_DIR_PATH}/Podfile.lock",
				"${PODS_ROOT}/Manifest.lock",
			);
			name = "[CP] Check Pods Manifest.lock";
			outputFileListPaths = (
			);
			outputPaths = (
				"$(DERIVED_FILE_DIR)/Pods-Interview-InterviewUITests-checkManifestLockResult.txt",
			);
			runOnlyForDeploymentPostprocessing = 0;
			shellPath = /bin/sh;
			shellScript = "diff \"${PODS_PODFILE_DIR_PATH}/Podfile.lock\" \"${PODS_ROOT}/Manifest.lock\" > /dev/null\nif [ $? != 0 ] ; then\n    # print error to STDERR\n    echo \"error: The sandbox is not in sync with the Podfile.lock. Run 'pod install' or update your CocoaPods installation.\" >&2\n    exit 1\nfi\n# This output is used by Xcode 'outputs' to avoid re-running this script phase.\necho \"SUCCESS\" > \"${SCRIPT_OUTPUT_FILE_0}\"\n";
			showEnvVarsInLog = 0;
		};
		95B6DFBDD89883FBEBF881C5 /* [CP] Embed Pods Frameworks */ = {
			isa = PBXShellScriptBuildPhase;
			buildActionMask = 2147483647;
			files = (
			);
			inputFileListPaths = (
				"${PODS_ROOT}/Target Support Files/Pods-Interview-InterviewUITests/Pods-Interview-InterviewUITests-frameworks-${CONFIGURATION}-input-files.xcfilelist",
			);
			name = "[CP] Embed Pods Frameworks";
			outputFileListPaths = (
				"${PODS_ROOT}/Target Support Files/Pods-Interview-InterviewUITests/Pods-Interview-InterviewUITests-frameworks-${CONFIGURATION}-output-files.xcfilelist",
			);
			runOnlyForDeploymentPostprocessing = 0;
			shellPath = /bin/sh;
			shellScript = "\"${PODS_ROOT}/Target Support Files/Pods-Interview-InterviewUITests/Pods-Interview-InterviewUITests-frameworks.sh\"\n";
			showEnvVarsInLog = 0;
		};
		B5548ADE3D6BD602B8800A5D /* [CP] Check Pods Manifest.lock */ = {
			isa = PBXShellScriptBuildPhase;
			buildActionMask = 2147483647;
			files = (
			);
			inputFileListPaths = (
			);
			inputPaths = (
				"${PODS_PODFILE_DIR_PATH}/Podfile.lock",
				"${PODS_ROOT}/Manifest.lock",
			);
			name = "[CP] Check Pods Manifest.lock";
			outputFileListPaths = (
			);
			outputPaths = (
				"$(DERIVED_FILE_DIR)/Pods-InterviewTests-checkManifestLockResult.txt",
			);
			runOnlyForDeploymentPostprocessing = 0;
			shellPath = /bin/sh;
			shellScript = "diff \"${PODS_PODFILE_DIR_PATH}/Podfile.lock\" \"${PODS_ROOT}/Manifest.lock\" > /dev/null\nif [ $? != 0 ] ; then\n    # print error to STDERR\n    echo \"error: The sandbox is not in sync with the Podfile.lock. Run 'pod install' or update your CocoaPods installation.\" >&2\n    exit 1\nfi\n# This output is used by Xcode 'outputs' to avoid re-running this script phase.\necho \"SUCCESS\" > \"${SCRIPT_OUTPUT_FILE_0}\"\n";
			showEnvVarsInLog = 0;
		};
		CD13DEC9C5C5CBAD5ED6DBA4 /* [CP] Check Pods Manifest.lock */ = {
			isa = PBXShellScriptBuildPhase;
			buildActionMask = 2147483647;
			files = (
			);
			inputFileListPaths = (
			);
			inputPaths = (
				"${PODS_PODFILE_DIR_PATH}/Podfile.lock",
				"${PODS_ROOT}/Manifest.lock",
			);
			name = "[CP] Check Pods Manifest.lock";
			outputFileListPaths = (
			);
			outputPaths = (
				"$(DERIVED_FILE_DIR)/Pods-Interview-checkManifestLockResult.txt",
			);
			runOnlyForDeploymentPostprocessing = 0;
			shellPath = /bin/sh;
			shellScript = "diff \"${PODS_PODFILE_DIR_PATH}/Podfile.lock\" \"${PODS_ROOT}/Manifest.lock\" > /dev/null\nif [ $? != 0 ] ; then\n    # print error to STDERR\n    echo \"error: The sandbox is not in sync with the Podfile.lock. Run 'pod install' or update your CocoaPods installation.\" >&2\n    exit 1\nfi\n# This output is used by Xcode 'outputs' to avoid re-running this script phase.\necho \"SUCCESS\" > \"${SCRIPT_OUTPUT_FILE_0}\"\n";
			showEnvVarsInLog = 0;
		};
/* End PBXShellScriptBuildPhase section */

/* Begin PBXSourcesBuildPhase section */
		BD40B0BE25BA724800791B39 /* Sources */ = {
			isa = PBXSourcesBuildPhase;
			buildActionMask = 2147483647;
			files = (
				BD40B10525BA73F300791B39 /* RootTabBarController.swift in Sources */,
				BD40B0C625BA724800791B39 /* AppDelegate.swift in Sources */,
				BD40B11325BA751300791B39 /* HomeViewController.swift in Sources */,
			);
			runOnlyForDeploymentPostprocessing = 0;
		};
		BD40B0D425BA724B00791B39 /* Sources */ = {
			isa = PBXSourcesBuildPhase;
			buildActionMask = 2147483647;
			files = (
				BD40B0DD25BA724B00791B39 /* InterviewTests.swift in Sources */,
			);
			runOnlyForDeploymentPostprocessing = 0;
		};
		BD40B0DF25BA724B00791B39 /* Sources */ = {
			isa = PBXSourcesBuildPhase;
			buildActionMask = 2147483647;
			files = (
				BD40B0E825BA724B00791B39 /* InterviewUITests.swift in Sources */,
			);
			runOnlyForDeploymentPostprocessing = 0;
		};
/* End PBXSourcesBuildPhase section */

/* Begin PBXTargetDependency section */
		BD40B0DA25BA724B00791B39 /* PBXTargetDependency */ = {
			isa = PBXTargetDependency;
			target = BD40B0C125BA724800791B39 /* Interview */;
			targetProxy = BD40B0D925BA724B00791B39 /* PBXContainerItemProxy */;
		};
		BD40B0E525BA724B00791B39 /* PBXTargetDependency */ = {
			isa = PBXTargetDependency;
			target = BD40B0C125BA724800791B39 /* Interview */;
			targetProxy = BD40B0E425BA724B00791B39 /* PBXContainerItemProxy */;
		};
/* End PBXTargetDependency section */

/* Begin XCBuildConfiguration section */
		BD40B0EA25BA724B00791B39 /* Debug */ = {
			isa = XCBuildConfiguration;
			buildSettings = {
				ALWAYS_SEARCH_USER_PATHS = NO;
				CLANG_ANALYZER_NONNULL = YES;
				CLANG_ANALYZER_NUMBER_OBJECT_CONVERSION = YES_AGGRESSIVE;
				CLANG_CXX_LANGUAGE_STANDARD = "gnu++14";
				CLANG_CXX_LIBRARY = "libc++";
				CLANG_ENABLE_MODULES = YES;
				CLANG_ENABLE_OBJC_ARC = YES;
				CLANG_ENABLE_OBJC_WEAK = YES;
				CLANG_WARN_BLOCK_CAPTURE_AUTORELEASING = YES;
				CLANG_WARN_BOOL_CONVERSION = YES;
				CLANG_WARN_COMMA = YES;
				CLANG_WARN_CONSTANT_CONVERSION = YES;
				CLANG_WARN_DEPRECATED_OBJC_IMPLEMENTATIONS = YES;
				CLANG_WARN_DIRECT_OBJC_ISA_USAGE = YES_ERROR;
				CLANG_WARN_DOCUMENTATION_COMMENTS = YES;
				CLANG_WARN_EMPTY_BODY = YES;
				CLANG_WARN_ENUM_CONVERSION = YES;
				CLANG_WARN_INFINITE_RECURSION = YES;
				CLANG_WARN_INT_CONVERSION = YES;
				CLANG_WARN_NON_LITERAL_NULL_CONVERSION = YES;
				CLANG_WARN_OBJC_IMPLICIT_RETAIN_SELF = YES;
				CLANG_WARN_OBJC_LITERAL_CONVERSION = YES;
				CLANG_WARN_OBJC_ROOT_CLASS = YES_ERROR;
				CLANG_WARN_QUOTED_INCLUDE_IN_FRAMEWORK_HEADER = YES;
				CLANG_WARN_RANGE_LOOP_ANALYSIS = YES;
				CLANG_WARN_STRICT_PROTOTYPES = YES;
				CLANG_WARN_SUSPICIOUS_MOVE = YES;
				CLANG_WARN_UNGUARDED_AVAILABILITY = YES_AGGRESSIVE;
				CLANG_WARN_UNREACHABLE_CODE = YES;
				CLANG_WARN__DUPLICATE_METHOD_MATCH = YES;
				COPY_PHASE_STRIP = NO;
				DEBUG_INFORMATION_FORMAT = dwarf;
				ENABLE_STRICT_OBJC_MSGSEND = YES;
				ENABLE_TESTABILITY = YES;
				GCC_C_LANGUAGE_STANDARD = gnu11;
				GCC_DYNAMIC_NO_PIC = NO;
				GCC_NO_COMMON_BLOCKS = YES;
				GCC_OPTIMIZATION_LEVEL = 0;
				GCC_PREPROCESSOR_DEFINITIONS = (
					"DEBUG=1",
					"$(inherited)",
				);
				GCC_WARN_64_TO_32_BIT_CONVERSION = YES;
				GCC_WARN_ABOUT_RETURN_TYPE = YES_ERROR;
				GCC_WARN_UNDECLARED_SELECTOR = YES;
				GCC_WARN_UNINITIALIZED_AUTOS = YES_AGGRESSIVE;
				GCC_WARN_UNUSED_FUNCTION = YES;
				GCC_WARN_UNUSED_VARIABLE = YES;
				IPHONEOS_DEPLOYMENT_TARGET = 14.2;
				MTL_ENABLE_DEBUG_INFO = INCLUDE_SOURCE;
				MTL_FAST_MATH = YES;
				ONLY_ACTIVE_ARCH = YES;
				SDKROOT = iphoneos;
				SWIFT_ACTIVE_COMPILATION_CONDITIONS = DEBUG;
				SWIFT_OPTIMIZATION_LEVEL = "-Onone";
			};
			name = Debug;
		};
		BD40B0EB25BA724B00791B39 /* Release */ = {
			isa = XCBuildConfiguration;
			buildSettings = {
				ALWAYS_SEARCH_USER_PATHS = NO;
				CLANG_ANALYZER_NONNULL = YES;
				CLANG_ANALYZER_NUMBER_OBJECT_CONVERSION = YES_AGGRESSIVE;
				CLANG_CXX_LANGUAGE_STANDARD = "gnu++14";
				CLANG_CXX_LIBRARY = "libc++";
				CLANG_ENABLE_MODULES = YES;
				CLANG_ENABLE_OBJC_ARC = YES;
				CLANG_ENABLE_OBJC_WEAK = YES;
				CLANG_WARN_BLOCK_CAPTURE_AUTORELEASING = YES;
				CLANG_WARN_BOOL_CONVERSION = YES;
				CLANG_WARN_COMMA = YES;
				CLANG_WARN_CONSTANT_CONVERSION = YES;
				CLANG_WARN_DEPRECATED_OBJC_IMPLEMENTATIONS = YES;
				CLANG_WARN_DIRECT_OBJC_ISA_USAGE = YES_ERROR;
				CLANG_WARN_DOCUMENTATION_COMMENTS = YES;
				CLANG_WARN_EMPTY_BODY = YES;
				CLANG_WARN_ENUM_CONVERSION = YES;
				CLANG_WARN_INFINITE_RECURSION = YES;
				CLANG_WARN_INT_CONVERSION = YES;
				CLANG_WARN_NON_LITERAL_NULL_CONVERSION = YES;
				CLANG_WARN_OBJC_IMPLICIT_RETAIN_SELF = YES;
				CLANG_WARN_OBJC_LITERAL_CONVERSION = YES;
				CLANG_WARN_OBJC_ROOT_CLASS = YES_ERROR;
				CLANG_WARN_QUOTED_INCLUDE_IN_FRAMEWORK_HEADER = YES;
				CLANG_WARN_RANGE_LOOP_ANALYSIS = YES;
				CLANG_WARN_STRICT_PROTOTYPES = YES;
				CLANG_WARN_SUSPICIOUS_MOVE = YES;
				CLANG_WARN_UNGUARDED_AVAILABILITY = YES_AGGRESSIVE;
				CLANG_WARN_UNREACHABLE_CODE = YES;
				CLANG_WARN__DUPLICATE_METHOD_MATCH = YES;
				COPY_PHASE_STRIP = NO;
				DEBUG_INFORMATION_FORMAT = "dwarf-with-dsym";
				ENABLE_NS_ASSERTIONS = NO;
				ENABLE_STRICT_OBJC_MSGSEND = YES;
				GCC_C_LANGUAGE_STANDARD = gnu11;
				GCC_NO_COMMON_BLOCKS = YES;
				GCC_WARN_64_TO_32_BIT_CONVERSION = YES;
				GCC_WARN_ABOUT_RETURN_TYPE = YES_ERROR;
				GCC_WARN_UNDECLARED_SELECTOR = YES;
				GCC_WARN_UNINITIALIZED_AUTOS = YES_AGGRESSIVE;
				GCC_WARN_UNUSED_FUNCTION = YES;
				GCC_WARN_UNUSED_VARIABLE = YES;
				IPHONEOS_DEPLOYMENT_TARGET = 14.2;
				MTL_ENABLE_DEBUG_INFO = NO;
				MTL_FAST_MATH = YES;
				SDKROOT = iphoneos;
				SWIFT_COMPILATION_MODE = wholemodule;
				SWIFT_OPTIMIZATION_LEVEL = "-O";
				VALIDATE_PRODUCT = YES;
			};
			name = Release;
		};
		BD40B0ED25BA724B00791B39 /* Debug */ = {
			isa = XCBuildConfiguration;
			baseConfigurationReference = 861094F343A7BDE98DDD90F0 /* Pods-Interview.debug.xcconfig */;
			buildSettings = {
				ASSETCATALOG_COMPILER_APPICON_NAME = AppIcon;
				ASSETCATALOG_COMPILER_GLOBAL_ACCENT_COLOR_NAME = AccentColor;
				ASSETCATALOG_COMPILER_LAUNCHIMAGE_NAME = LaunchImage;
				CODE_SIGN_STYLE = Automatic;
				INFOPLIST_FILE = Interview/Info.plist;
				LD_RUNPATH_SEARCH_PATHS = (
					"$(inherited)",
					"@executable_path/Frameworks",
				);
				PRODUCT_BUNDLE_IDENTIFIER = com.msd.Interview;
				PRODUCT_NAME = "$(TARGET_NAME)";
				SWIFT_VERSION = 5.0;
				TARGETED_DEVICE_FAMILY = 1;
			};
			name = Debug;
		};
		BD40B0EE25BA724B00791B39 /* Release */ = {
			isa = XCBuildConfiguration;
			baseConfigurationReference = 4CF45E06C5E4778540BC5F34 /* Pods-Interview.release.xcconfig */;
			buildSettings = {
				ASSETCATALOG_COMPILER_APPICON_NAME = AppIcon;
				ASSETCATALOG_COMPILER_GLOBAL_ACCENT_COLOR_NAME = AccentColor;
				ASSETCATALOG_COMPILER_LAUNCHIMAGE_NAME = LaunchImage;
				CODE_SIGN_STYLE = Automatic;
				INFOPLIST_FILE = Interview/Info.plist;
				LD_RUNPATH_SEARCH_PATHS = (
					"$(inherited)",
					"@executable_path/Frameworks",
				);
				PRODUCT_BUNDLE_IDENTIFIER = com.msd.Interview;
				PRODUCT_NAME = "$(TARGET_NAME)";
				SWIFT_VERSION = 5.0;
				TARGETED_DEVICE_FAMILY = 1;
			};
			name = Release;
		};
		BD40B0F025BA724B00791B39 /* Debug */ = {
			isa = XCBuildConfiguration;
			baseConfigurationReference = BBA8A8D2D38BFE3340D3A1EC /* Pods-InterviewTests.debug.xcconfig */;
			buildSettings = {
				ALWAYS_EMBED_SWIFT_STANDARD_LIBRARIES = YES;
				BUNDLE_LOADER = "$(TEST_HOST)";
				CODE_SIGN_STYLE = Automatic;
				INFOPLIST_FILE = InterviewTests/Info.plist;
				IPHONEOS_DEPLOYMENT_TARGET = 14.2;
				LD_RUNPATH_SEARCH_PATHS = (
					"$(inherited)",
					"@executable_path/Frameworks",
					"@loader_path/Frameworks",
				);
				PRODUCT_BUNDLE_IDENTIFIER = com.msd.TradingMaster.InterviewTests;
				PRODUCT_NAME = "$(TARGET_NAME)";
				SWIFT_VERSION = 5.0;
				TARGETED_DEVICE_FAMILY = "1,2";
				TEST_HOST = "$(BUILT_PRODUCTS_DIR)/Interview.app/Interview";
			};
			name = Debug;
		};
		BD40B0F125BA724B00791B39 /* Release */ = {
			isa = XCBuildConfiguration;
			baseConfigurationReference = A02588403B75E9D09C0F147D /* Pods-InterviewTests.release.xcconfig */;
			buildSettings = {
				ALWAYS_EMBED_SWIFT_STANDARD_LIBRARIES = YES;
				BUNDLE_LOADER = "$(TEST_HOST)";
				CODE_SIGN_STYLE = Automatic;
				INFOPLIST_FILE = InterviewTests/Info.plist;
				IPHONEOS_DEPLOYMENT_TARGET = 14.2;
				LD_RUNPATH_SEARCH_PATHS = (
					"$(inherited)",
					"@executable_path/Frameworks",
					"@loader_path/Frameworks",
				);
				PRODUCT_BUNDLE_IDENTIFIER = com.msd.TradingMaster.InterviewTests;
				PRODUCT_NAME = "$(TARGET_NAME)";
				SWIFT_VERSION = 5.0;
				TARGETED_DEVICE_FAMILY = "1,2";
				TEST_HOST = "$(BUILT_PRODUCTS_DIR)/Interview.app/Interview";
			};
			name = Release;
		};
		BD40B0F325BA724B00791B39 /* Debug */ = {
			isa = XCBuildConfiguration;
			baseConfigurationReference = 5EBAEA4199F37B299037A743 /* Pods-Interview-InterviewUITests.debug.xcconfig */;
			buildSettings = {
				ALWAYS_EMBED_SWIFT_STANDARD_LIBRARIES = YES;
				CODE_SIGN_STYLE = Automatic;
				INFOPLIST_FILE = InterviewUITests/Info.plist;
				LD_RUNPATH_SEARCH_PATHS = (
					"$(inherited)",
					"@executable_path/Frameworks",
					"@loader_path/Frameworks",
				);
				PRODUCT_BUNDLE_IDENTIFIER = com.msd.TradingMaster.InterviewUITests;
				PRODUCT_NAME = "$(TARGET_NAME)";
				SWIFT_VERSION = 5.0;
				TARGETED_DEVICE_FAMILY = "1,2";
				TEST_TARGET_NAME = Interview;
			};
			name = Debug;
		};
		BD40B0F425BA724B00791B39 /* Release */ = {
			isa = XCBuildConfiguration;
			baseConfigurationReference = 6141D22836C56EBCB76D026D /* Pods-Interview-InterviewUITests.release.xcconfig */;
			buildSettings = {
				ALWAYS_EMBED_SWIFT_STANDARD_LIBRARIES = YES;
				CODE_SIGN_STYLE = Automatic;
				INFOPLIST_FILE = InterviewUITests/Info.plist;
				LD_RUNPATH_SEARCH_PATHS = (
					"$(inherited)",
					"@executable_path/Frameworks",
					"@loader_path/Frameworks",
				);
				PRODUCT_BUNDLE_IDENTIFIER = com.msd.TradingMaster.InterviewUITests;
				PRODUCT_NAME = "$(TARGET_NAME)";
				SWIFT_VERSION = 5.0;
				TARGETED_DEVICE_FAMILY = "1,2";
				TEST_TARGET_NAME = Interview;
			};
			name = Release;
		};
/* End XCBuildConfiguration section */

/* Begin XCConfigurationList section */
		BD40B0BD25BA724800791B39 /* Build configuration list for PBXProject "Interview" */ = {
			isa = XCConfigurationList;
			buildConfigurations = (
				BD40B0EA25BA724B00791B39 /* Debug */,
				BD40B0EB25BA724B00791B39 /* Release */,
			);
			defaultConfigurationIsVisible = 0;
			defaultConfigurationName = Release;
		};
		BD40B0EC25BA724B00791B39 /* Build configuration list for PBXNativeTarget "Interview" */ = {
			isa = XCConfigurationList;
			buildConfigurations = (
				BD40B0ED25BA724B00791B39 /* Debug */,
				BD40B0EE25BA724B00791B39 /* Release */,
			);
			defaultConfigurationIsVisible = 0;
			defaultConfigurationName = Release;
		};
		BD40B0EF25BA724B00791B39 /* Build configuration list for PBXNativeTarget "InterviewTests" */ = {
			isa = XCConfigurationList;
			buildConfigurations = (
				BD40B0F025BA724B00791B39 /* Debug */,
				BD40B0F125BA724B00791B39 /* Release */,
			);
			defaultConfigurationIsVisible = 0;
			defaultConfigurationName = Release;
		};
		BD40B0F225BA724B00791B39 /* Build configuration list for PBXNativeTarget "InterviewUITests" */ = {
			isa = XCConfigurationList;
			buildConfigurations = (
				BD40B0F325BA724B00791B39 /* Debug */,
				BD40B0F425BA724B00791B39 /* Release */,
			);
			defaultConfigurationIsVisible = 0;
			defaultConfigurationName = Release;
		};
/* End XCConfigurationList section */
	};
	rootObject = BD40B0BA25BA724800791B39 /* Project object */;
}
